
Microsoft Visual Studio Solution File, Format Version 12.00
# Visual Studio 15
VisualStudioVersion = 15.0.28307.852
MinimumVisualStudioVersion = 10.0.40219.1
Project("{9A19103F-16F7-4668-BE54-9A1E7A4F7556}") = "DemoApp", "DemoApp\DemoApp.csproj", "{558A3248-35EA-4E48-BB2B-1C31FB0D88A9}"
EndProject
Project("{9A19103F-16F7-4668-BE54-9A1E7A4F7556}") = "BaseInterceptors", "BaseInterceptors\BaseInterceptors.csproj", "{A00AE25D-640F-401E-B571-2E46A51EDCA3}"
EndProject
Project("{FAE04EC0-301F-11D3-BF4B-00C04F79EFBC}") = "BaseInterceptors.Test", "BaseInterceptors.Test\BaseInterceptors.Test.csproj", "{20B1B768-8879-406E-A1D6-07B41206FFB4}"
EndProject
Global
	GlobalSection(SolutionConfigurationPlatforms) = preSolution
		Debug|Any CPU = Debug|Any CPU
		Release|Any CPU = Release|Any CPU
	EndGlobalSection
	GlobalSection(ProjectConfigurationPlatforms) = postSolution
		{558A3248-35EA-4E48-BB2B-1C31FB0D88A9}.Debug|Any CPU.ActiveCfg = Debug|Any CPU
		{558A3248-35EA-4E48-BB2B-1C31FB0D88A9}.Debug|Any CPU.Build.0 = Debug|Any CPU
		{558A3248-35EA-4E48-BB2B-1C31FB0D88A9}.Release|Any CPU.ActiveCfg = Release|Any CPU
		{558A3248-35EA-4E48-BB2B-1C31FB0D88A9}.Release|Any CPU.Build.0 = Release|Any CPU
		{A00AE25D-640F-401E-B571-2E46A51EDCA3}.Debug|Any CPU.ActiveCfg = Debug|Any CPU
		{A00AE25D-640F-401E-B571-2E46A51EDCA3}.Debug|Any CPU.Build.0 = Debug|Any CPU
		{A00AE25D-640F-401E-B571-2E46A51EDCA3}.Release|Any CPU.ActiveCfg = Release|Any CPU
		{A00AE25D-640F-401E-B571-2E46A51EDCA3}.Release|Any CPU.Build.0 = Release|Any CPU
		{20B1B768-8879-406E-A1D6-07B41206FFB4}.Debug|Any CPU.ActiveCfg = Debug|Any CPU
		{20B1B768-8879-406E-A1D6-07B41206FFB4}.Debug|Any CPU.Build.0 = Debug|Any CPU
		{20B1B768-8879-406E-A1D6-07B41206FFB4}.Release|Any CPU.ActiveCfg = Release|Any CPU
		{20B1B768-8879-406E-A1D6-07B41206FFB4}.Release|Any CPU.Build.0 = Release|Any CPU
	EndGlobalSection
	GlobalSection(SolutionProperties) = preSolution
		HideSolutionNode = FALSE
	EndGlobalSection
	GlobalSection(ExtensibilityGlobals) = postSolution
		SolutionGuid = {6ECB3907-14FB-49E5-B782-DBD26D4894F2}
	EndGlobalSection
EndGlobal
